
Microsoft Visual Studio Solution File, Format Version 12.00
# Visual Studio 15
VisualStudioVersion = 15.0.28307.329
MinimumVisualStudioVersion = 10.0.40219.1
Project("{FAE04EC0-301F-11D3-BF4B-00C04F79EFBC}") = "Invoices", "Invoices-master\Invoices.csproj", "{DCC41420-1ECC-4B67-8513-1DBA77DB5E5A}"
EndProject
Project("{FAE04EC0-301F-11D3-BF4B-00C04F79EFBC}") = "Invoices.Tests", "Invoices-tests\Invoices.Tests.csproj", "{B081482F-5AEF-4332-BBEF-BD613077E1DC}"
EndProject
Global
	GlobalSection(SolutionConfigurationPlatforms) = preSolution
		Debug|Any CPU = Debug|Any CPU
		Debug|x86 = Debug|x86
		Release|Any CPU = Release|Any CPU
		Release|x86 = Release|x86
	EndGlobalSection
	GlobalSection(ProjectConfigurationPlatforms) = postSolution
		{DCC41420-1ECC-4B67-8513-1DBA77DB5E5A}.Debug|Any CPU.ActiveCfg = Debug|x86
		{DCC41420-1ECC-4B67-8513-1DBA77DB5E5A}.Debug|x86.ActiveCfg = Debug|x86
		{DCC41420-1ECC-4B67-8513-1DBA77DB5E5A}.Debug|x86.Build.0 = Debug|x86
		{DCC41420-1ECC-4B67-8513-1DBA77DB5E5A}.Release|Any CPU.ActiveCfg = Release|x86
		{DCC41420-1ECC-4B67-8513-1DBA77DB5E5A}.Release|x86.ActiveCfg = Release|x86
		{DCC41420-1ECC-4B67-8513-1DBA77DB5E5A}.Release|x86.Build.0 = Release|x86
		{B081482F-5AEF-4332-BBEF-BD613077E1DC}.Debug|Any CPU.ActiveCfg = Debug|Any CPU
		{B081482F-5AEF-4332-BBEF-BD613077E1DC}.Debug|Any CPU.Build.0 = Debug|Any CPU
		{B081482F-5AEF-4332-BBEF-BD613077E1DC}.Debug|x86.ActiveCfg = Debug|Any CPU
		{B081482F-5AEF-4332-BBEF-BD613077E1DC}.Debug|x86.Build.0 = Debug|Any CPU
		{B081482F-5AEF-4332-BBEF-BD613077E1DC}.Release|Any CPU.ActiveCfg = Release|Any CPU
		{B081482F-5AEF-4332-BBEF-BD613077E1DC}.Release|Any CPU.Build.0 = Release|Any CPU
		{B081482F-5AEF-4332-BBEF-BD613077E1DC}.Release|x86.ActiveCfg = Release|Any CPU
		{B081482F-5AEF-4332-BBEF-BD613077E1DC}.Release|x86.Build.0 = Release|Any CPU
	EndGlobalSection
	GlobalSection(SolutionProperties) = preSolution
		HideSolutionNode = FALSE
	EndGlobalSection
	GlobalSection(ExtensibilityGlobals) = postSolution
		SolutionGuid = {3AF4E540-FB62-4FA4-AA63-BC51023548F9}
	EndGlobalSection
EndGlobal
